
Microsoft Visual Studio Solution File, Format Version 12.00
# Visual Studio 14
VisualStudioVersion = 14.0.23107.0
MinimumVisualStudioVersion = 10.0.40219.1
Project("{FAE04EC0-301F-11D3-BF4B-00C04F79EFBC}") = "HCS08Lib", "HCS08Lib\HCS08Lib.csproj", "{ACDE8724-FF99-4FC3-B1A7-B43F39FB623E}"
EndProject
Project("{FAE04EC0-301F-11D3-BF4B-00C04F79EFBC}") = "HCS08Text", "HCS08Text\HCS08Text.csproj", "{975430FB-FE3E-41E4-A6D2-03AE587882B5}"
EndProject
Global
	GlobalSection(SolutionConfigurationPlatforms) = preSolution
		Debug|Any CPU = Debug|Any CPU
		Release|Any CPU = Release|Any CPU
	EndGlobalSection
	GlobalSection(ProjectConfigurationPlatforms) = postSolution
		{ACDE8724-FF99-4FC3-B1A7-B43F39FB623E}.Debug|Any CPU.ActiveCfg = Debug|Any CPU
		{ACDE8724-FF99-4FC3-B1A7-B43F39FB623E}.Debug|Any CPU.Build.0 = Debug|Any CPU
		{ACDE8724-FF99-4FC3-B1A7-B43F39FB623E}.Release|Any CPU.ActiveCfg = Release|Any CPU
		{ACDE8724-FF99-4FC3-B1A7-B43F39FB623E}.Release|Any CPU.Build.0 = Release|Any CPU
		{975430FB-FE3E-41E4-A6D2-03AE587882B5}.Debug|Any CPU.ActiveCfg = Debug|Any CPU
		{975430FB-FE3E-41E4-A6D2-03AE587882B5}.Debug|Any CPU.Build.0 = Debug|Any CPU
		{975430FB-FE3E-41E4-A6D2-03AE587882B5}.Release|Any CPU.ActiveCfg = Release|Any CPU
		{975430FB-FE3E-41E4-A6D2-03AE587882B5}.Release|Any CPU.Build.0 = Release|Any CPU
	EndGlobalSection
	GlobalSection(SolutionProperties) = preSolution
		HideSolutionNode = FALSE
	EndGlobalSection
EndGlobal
